
Microsoft Visual Studio Solution File, Format Version 9.00
# Visual C# Express 2005
Project("{FAE04EC0-301F-11D3-BF4B-00C04F79EFBC}") = "ClosingTime", "ClosingTime\ClosingTime.csproj", "{AC18E47B-7C86-4EC6-8202-027110E76953}"
EndProject
Global
	GlobalSection(SolutionConfigurationPlatforms) = preSolution
		Debug|Any CPU = Debug|Any CPU
		Release|Any CPU = Release|Any CPU
	EndGlobalSection
	GlobalSection(ProjectConfigurationPlatforms) = postSolution
		{AC18E47B-7C86-4EC6-8202-027110E76953}.Debug|Any CPU.ActiveCfg = Debug|Any CPU
		{AC18E47B-7C86-4EC6-8202-027110E76953}.Debug|Any CPU.Build.0 = Debug|Any CPU
		{AC18E47B-7C86-4EC6-8202-027110E76953}.Release|Any CPU.ActiveCfg = Release|Any CPU
		{AC18E47B-7C86-4EC6-8202-027110E76953}.Release|Any CPU.Build.0 = Release|Any CPU
	EndGlobalSection
	GlobalSection(SolutionProperties) = preSolution
		HideSolutionNode = FALSE
	EndGlobalSection
EndGlobal
